<?xml version="1.0" encoding="UTF-8"?>
<Scheme
   version = "1.1">
   <BuildAction
      parallelizeBuildables = "NO"
      buildImplicitDependencies = "YES">
   </BuildAction>
   <TestAction
      buildConfiguration = "Debug">
      <Testables>
      </Testables>
   </TestAction>
   <LaunchAction
      selectedDebuggerIdentifier = "Xcode.DebuggerFoundation.Debugger.GDB"
      selectedLauncherIdentifier = "Xcode.DebuggerFoundation.Launcher.GDB"
      loadSymbolsForSpecifiedModules = "NO"
      displayScaleIsEnabled = "NO"
      displayScale = "1.00"
      launchStyle = "0"
      useCustomWorkingDirectory = "NO"
      buildConfiguration = "Debug">
      <BuildableProductRunnable>
         <BuildableReference
            BuildableIdentifier = "primary"
            BlueprintIdentifier = "B6280A1612D3AD0C00F99F02"
            BuildableName = "StarRating.app"
            BlueprintName = "StarRating"
            ReferencedContainer = "container:StarRating.xcodeproj">
         </BuildableReference>
      </BuildableProductRunnable>
      <AdditionalOptions>
      </AdditionalOptions>
   </LaunchAction>
   <ProfileAction
      persistedCurrentAnalysisToolIdentifier = ""
      displayScaleIsEnabled = "NO"
      displayScale = "1.00"
      shouldUseLaunchSchemeArgsEnv = "YES"
      useCustomWorkingDirectory = "NO"
      buildConfiguration = "Debug">
      <BuildableProductRunnable>
         <BuildableReference
            BuildableIdentifier = "primary"
            BlueprintIdentifier = "B6280A1612D3AD0C00F99F02"
            BuildableName = "StarRating.app"
            BlueprintName = "StarRating"
            ReferencedContainer = "container:StarRating.xcodeproj">
         </BuildableReference>
      </BuildableProductRunnable>
   </ProfileAction>
   <ArchiveAction
      buildConfiguration = "Release">
   </ArchiveAction>
</Scheme>
